
Microsoft Visual Studio Solution File, Format Version 12.00
# Visual Studio Version 17
VisualStudioVersion = 17.8.34525.116
MinimumVisualStudioVersion = 10.0.40219.1
Project("{FAE04EC0-301F-11D3-BF4B-00C04F79EFBC}") = "News", "News.csproj", "{2771C597-5341-4135-AE21-F5D35C24B315}"
EndProject
Global
	GlobalSection(SolutionConfigurationPlatforms) = preSolution
		Debug|Any CPU = Debug|Any CPU
		Release|Any CPU = Release|Any CPU
	EndGlobalSection
	GlobalSection(ProjectConfigurationPlatforms) = postSolution
		{2771C597-5341-4135-AE21-F5D35C24B315}.Debug|Any CPU.ActiveCfg = Debug|Any CPU
		{2771C597-5341-4135-AE21-F5D35C24B315}.Debug|Any CPU.Build.0 = Debug|Any CPU
		{2771C597-5341-4135-AE21-F5D35C24B315}.Release|Any CPU.ActiveCfg = Release|Any CPU
		{2771C597-5341-4135-AE21-F5D35C24B315}.Release|Any CPU.Build.0 = Release|Any CPU
	EndGlobalSection
	GlobalSection(SolutionProperties) = preSolution
		HideSolutionNode = FALSE
	EndGlobalSection
	GlobalSection(ExtensibilityGlobals) = postSolution
		SolutionGuid = {F9547F07-833D-4A5C-BB91-D063734166D7}
	EndGlobalSection
EndGlobal
